// !$*UTF8*$!
{
	archiveVersion = 1;
	classes = {
	};
	objectVersion = 51;
	objects = {

/* Begin PBXBuildFile section */
		1EB08D2224EE25360063D070 /* AppDelegate.swift in Sources */ = {isa = PBXBuildFile; fileRef = 1EB08D2124EE25360063D070 /* AppDelegate.swift */; };
		1EB08D2424EE25360063D070 /* SceneDelegate.swift in Sources */ = {isa = PBXBuildFile; fileRef = 1EB08D2324EE25360063D070 /* SceneDelegate.swift */; };
		1EB08D2624EE25360063D070 /* ViewController.swift in Sources */ = {isa = PBXBuildFile; fileRef = 1EB08D2524EE25360063D070 /* ViewController.swift */; };
		1EB08D2924EE25360063D070 /* Main.storyboard in Resources */ = {isa = PBXBuildFile; fileRef = 1EB08D2724EE25360063D070 /* Main.storyboard */; };
		1EB08D2B24EE25380063D070 /* Assets.xcassets in Resources */ = {isa = PBXBuildFile; fileRef = 1EB08D2A24EE25380063D070 /* Assets.xcassets */; };
		1EB08D2E24EE25380063D070 /* LaunchScreen.storyboard in Resources */ = {isa = PBXBuildFile; fileRef = 1EB08D2C24EE25380063D070 /* LaunchScreen.storyboard */; };
		1EB08D3924EE25390063D070 /* AmapDemoTests.swift in Sources */ = {isa = PBXBuildFile; fileRef = 1EB08D3824EE25390063D070 /* AmapDemoTests.swift */; };
		1EB08D4424EE25390063D070 /* AmapDemoUITests.swift in Sources */ = {isa = PBXBuildFile; fileRef = 1EB08D4324EE25390063D070 /* AmapDemoUITests.swift */; };
		1EB08D5224EF6DBC0063D070 /* running_record.json in Resources */ = {isa = PBXBuildFile; fileRef = 1EB08D5124EF6DBC0063D070 /* running_record.json */; };
		1EDAD45F24F7B41B00485628 /* CFSocketGetLocationModel.swift in Sources */ = {isa = PBXBuildFile; fileRef = 1EDAD45E24F7B41B00485628 /* CFSocketGetLocationModel.swift */; };
		B90D39BBB1909D7154F3CFBB /* Pods_AmapDemo.framework in Frameworks */ = {isa = PBXBuildFile; fileRef = BBDF223D01B336783592DA44 /* Pods_AmapDemo.framework */; };
/* End PBXBuildFile section */

/* Begin PBXContainerItemProxy section */
		1EB08D3524EE25390063D070 /* PBXContainerItemProxy */ = {
			isa = PBXContainerItemProxy;
			containerPortal = 1EB08D1624EE25360063D070 /* Project object */;
			proxyType = 1;
			remoteGlobalIDString = 1EB08D1D24EE25360063D070;
			remoteInfo = AmapDemo;
		};
		1EB08D4024EE25390063D070 /* PBXContainerItemProxy */ = {
			isa = PBXContainerItemProxy;
			containerPortal = 1EB08D1624EE25360063D070 /* Project object */;
			proxyType = 1;
			remoteGlobalIDString = 1EB08D1D24EE25360063D070;
			remoteInfo = AmapDemo;
		};
/* End PBXContainerItemProxy section */

/* Begin PBXFileReference section */
		06F5F9696F90E7D51C4DAB6C /* Pods-AmapDemo.release.xcconfig */ = {isa = PBXFileReference; includeInIndex = 1; lastKnownFileType = text.xcconfig; name = "Pods-AmapDemo.release.xcconfig"; path = "Target Support Files/Pods-AmapDemo/Pods-AmapDemo.release.xcconfig"; sourceTree = "<group>"; };
		1EB08D1E24EE25360063D070 /* AmapDemo.app */ = {isa = PBXFileReference; explicitFileType = wrapper.application; includeInIndex = 0; path = AmapDemo.app; sourceTree = BUILT_PRODUCTS_DIR; };
		1EB08D2124EE25360063D070 /* AppDelegate.swift */ = {isa = PBXFileReference; lastKnownFileType = sourcecode.swift; path = AppDelegate.swift; sourceTree = "<group>"; };
		1EB08D2324EE25360063D070 /* SceneDelegate.swift */ = {isa = PBXFileReference; lastKnownFileType = sourcecode.swift; path = SceneDelegate.swift; sourceTree = "<group>"; };
		1EB08D2524EE25360063D070 /* ViewController.swift */ = {isa = PBXFileReference; lastKnownFileType = sourcecode.swift; path = ViewController.swift; sourceTree = "<group>"; };
		1EB08D2824EE25360063D070 /* Base */ = {isa = PBXFileReference; lastKnownFileType = file.storyboard; name = Base; path = Base.lproj/Main.storyboard; sourceTree = "<group>"; };
		1EB08D2A24EE25380063D070 /* Assets.xcassets */ = {isa = PBXFileReference; lastKnownFileType = folder.assetcatalog; path = Assets.xcassets; sourceTree = "<group>"; };
		1EB08D2D24EE25380063D070 /* Base */ = {isa = PBXFileReference; lastKnownFileType = file.storyboard; name = Base; path = Base.lproj/LaunchScreen.storyboard; sourceTree = "<group>"; };
		1EB08D2F24EE25380063D070 /* Info.plist */ = {isa = PBXFileReference; lastKnownFileType = text.plist.xml; path = Info.plist; sourceTree = "<group>"; };
		1EB08D3424EE25390063D070 /* AmapDemoTests.xctest */ = {isa = PBXFileReference; explicitFileType = wrapper.cfbundle; includeInIndex = 0; path = AmapDemoTests.xctest; sourceTree = BUILT_PRODUCTS_DIR; };
		1EB08D3824EE25390063D070 /* AmapDemoTests.swift */ = {isa = PBXFileReference; lastKnownFileType = sourcecode.swift; path = AmapDemoTests.swift; sourceTree = "<group>"; };
		1EB08D3A24EE25390063D070 /* Info.plist */ = {isa = PBXFileReference; lastKnownFileType = text.plist.xml; path = Info.plist; sourceTree = "<group>"; };
		1EB08D3F24EE25390063D070 /* AmapDemoUITests.xctest */ = {isa = PBXFileReference; explicitFileType = wrapper.cfbundle; includeInIndex = 0; path = AmapDemoUITests.xctest; sourceTree = BUILT_PRODUCTS_DIR; };
		1EB08D4324EE25390063D070 /* AmapDemoUITests.swift */ = {isa = PBXFileReference; lastKnownFileType = sourcecode.swift; path = AmapDemoUITests.swift; sourceTree = "<group>"; };
		1EB08D4524EE25390063D070 /* Info.plist */ = {isa = PBXFileReference; lastKnownFileType = text.plist.xml; path = Info.plist; sourceTree = "<group>"; };
		1EB08D5124EF6DBC0063D070 /* running_record.json */ = {isa = PBXFileReference; fileEncoding = 4; lastKnownFileType = text.json; path = running_record.json; sourceTree = "<group>"; };
		1EDAD45E24F7B41B00485628 /* CFSocketGetLocationModel.swift */ = {isa = PBXFileReference; lastKnownFileType = sourcecode.swift; path = CFSocketGetLocationModel.swift; sourceTree = "<group>"; };
		52FA70B2B24B89105779A145 /* Pods-AmapDemo.debug.xcconfig */ = {isa = PBXFileReference; includeInIndex = 1; lastKnownFileType = text.xcconfig; name = "Pods-AmapDemo.debug.xcconfig"; path = "Target Support Files/Pods-AmapDemo/Pods-AmapDemo.debug.xcconfig"; sourceTree = "<group>"; };
		BBDF223D01B336783592DA44 /* Pods_AmapDemo.framework */ = {isa = PBXFileReference; explicitFileType = wrapper.framework; includeInIndex = 0; path = Pods_AmapDemo.framework; sourceTree = BUILT_PRODUCTS_DIR; };
/* End PBXFileReference section */

/* Begin PBXFrameworksBuildPhase section */
		1EB08D1B24EE25360063D070 /* Frameworks */ = {
			isa = PBXFrameworksBuildPhase;
			buildActionMask = 2147483647;
			files = (
				B90D39BBB1909D7154F3CFBB /* Pods_AmapDemo.framework in Frameworks */,
			);
			runOnlyForDeploymentPostprocessing = 0;
		};
		1EB08D3124EE25390063D070 /* Frameworks */ = {
			isa = PBXFrameworksBuildPhase;
			buildActionMask = 2147483647;
			files = (
			);
			runOnlyForDeploymentPostprocessing = 0;
		};
		1EB08D3C24EE25390063D070 /* Frameworks */ = {
			isa = PBXFrameworksBuildPhase;
			buildActionMask = 2147483647;
			files = (
			);
			runOnlyForDeploymentPostprocessing = 0;
		};
/* End PBXFrameworksBuildPhase section */

/* Begin PBXGroup section */
		17C902B1483EEA0F67055886 /* Frameworks */ = {
			isa = PBXGroup;
			children = (
				BBDF223D01B336783592DA44 /* Pods_AmapDemo.framework */,
			);
			name = Frameworks;
			sourceTree = "<group>";
		};
		1EB08D1524EE25360063D070 = {
			isa = PBXGroup;
			children = (
				1EB08D2024EE25360063D070 /* AmapDemo */,
				1EB08D3724EE25390063D070 /* AmapDemoTests */,
				1EB08D4224EE25390063D070 /* AmapDemoUITests */,
				1EB08D1F24EE25360063D070 /* Products */,
				D000755133A79992742D1CAC /* Pods */,
				17C902B1483EEA0F67055886 /* Frameworks */,
			);
			sourceTree = "<group>";
		};
		1EB08D1F24EE25360063D070 /* Products */ = {
			isa = PBXGroup;
			children = (
				1EB08D1E24EE25360063D070 /* AmapDemo.app */,
				1EB08D3424EE25390063D070 /* AmapDemoTests.xctest */,
				1EB08D3F24EE25390063D070 /* AmapDemoUITests.xctest */,
			);
			name = Products;
			sourceTree = "<group>";
		};
		1EB08D2024EE25360063D070 /* AmapDemo */ = {
			isa = PBXGroup;
			children = (
				1EB08D5124EF6DBC0063D070 /* running_record.json */,
				1EB08D2124EE25360063D070 /* AppDelegate.swift */,
				1EDAD45E24F7B41B00485628 /* CFSocketGetLocationModel.swift */,
				1EB08D2324EE25360063D070 /* SceneDelegate.swift */,
				1EB08D2524EE25360063D070 /* ViewController.swift */,
				1EB08D2724EE25360063D070 /* Main.storyboard */,
				1EB08D2A24EE25380063D070 /* Assets.xcassets */,
				1EB08D2C24EE25380063D070 /* LaunchScreen.storyboard */,
				1EB08D2F24EE25380063D070 /* Info.plist */,
			);
			path = AmapDemo;
			sourceTree = "<group>";
		};
		1EB08D3724EE25390063D070 /* AmapDemoTests */ = {
			isa = PBXGroup;
			children = (
				1EB08D3824EE25390063D070 /* AmapDemoTests.swift */,
				1EB08D3A24EE25390063D070 /* Info.plist */,
			);
			path = AmapDemoTests;
			sourceTree = "<group>";
		};
		1EB08D4224EE25390063D070 /* AmapDemoUITests */ = {
			isa = PBXGroup;
			children = (
				1EB08D4324EE25390063D070 /* AmapDemoUITests.swift */,
				1EB08D4524EE25390063D070 /* Info.plist */,
			);
			path = AmapDemoUITests;
			sourceTree = "<group>";
		};
		D000755133A79992742D1CAC /* Pods */ = {
			isa = PBXGroup;
			children = (
				52FA70B2B24B89105779A145 /* Pods-AmapDemo.debug.xcconfig */,
				06F5F9696F90E7D51C4DAB6C /* Pods-AmapDemo.release.xcconfig */,
			);
			path = Pods;
			sourceTree = "<group>";
		};
/* End PBXGroup section */

/* Begin PBXNativeTarget section */
		1EB08D1D24EE25360063D070 /* AmapDemo */ = {
			isa = PBXNativeTarget;
			buildConfigurationList = 1EB08D4824EE25390063D070 /* Build configuration list for PBXNativeTarget "AmapDemo" */;
			buildPhases = (
				8167277796924878D1F0CC11 /* [CP] Check Pods Manifest.lock */,
				1EB08D1A24EE25360063D070 /* Sources */,
				1EB08D1B24EE25360063D070 /* Frameworks */,
				1EB08D1C24EE25360063D070 /* Resources */,
				15130C1C50DB29607780C69B /* [CP] Embed Pods Frameworks */,
				725B9313D1694C97A2D0BB55 /* [CP] Copy Pods Resources */,
			);
			buildRules = (
			);
			dependencies = (
			);
			name = AmapDemo;
			productName = AmapDemo;
			productReference = 1EB08D1E24EE25360063D070 /* AmapDemo.app */;
			productType = "com.apple.product-type.application";
		};
		1EB08D3324EE25390063D070 /* AmapDemoTests */ = {
			isa = PBXNativeTarget;
			buildConfigurationList = 1EB08D4B24EE25390063D070 /* Build configuration list for PBXNativeTarget "AmapDemoTests" */;
			buildPhases = (
				1EB08D3024EE25390063D070 /* Sources */,
				1EB08D3124EE25390063D070 /* Frameworks */,
				1EB08D3224EE25390063D070 /* Resources */,
			);
			buildRules = (
			);
			dependencies = (
				1EB08D3624EE25390063D070 /* PBXTargetDependency */,
			);
			name = AmapDemoTests;
			productName = AmapDemoTests;
			productReference = 1EB08D3424EE25390063D070 /* AmapDemoTests.xctest */;
			productType = "com.apple.product-type.bundle.unit-test";
		};
		1EB08D3E24EE25390063D070 /* AmapDemoUITests */ = {
			isa = PBXNativeTarget;
			buildConfigurationList = 1EB08D4E24EE25390063D070 /* Build configuration list for PBXNativeTarget "AmapDemoUITests" */;
			buildPhases = (
				1EB08D3B24EE25390063D070 /* Sources */,
				1EB08D3C24EE25390063D070 /* Frameworks */,
				1EB08D3D24EE25390063D070 /* Resources */,
			);
			buildRules = (
			);
			dependencies = (
				1EB08D4124EE25390063D070 /* PBXTargetDependency */,
			);
			name = AmapDemoUITests;
			productName = AmapDemoUITests;
			productReference = 1EB08D3F24EE25390063D070 /* AmapDemoUITests.xctest */;
			productType = "com.apple.product-type.bundle.ui-testing";
		};
/* End PBXNativeTarget section */

/* Begin PBXProject section */
		1EB08D1624EE25360063D070 /* Project object */ = {
			isa = PBXProject;
			attributes = {
				LastSwiftUpdateCheck = 1120;
				LastUpgradeCheck = 1120;
				ORGANIZATIONNAME = CF;
				TargetAttributes = {
					1EB08D1D24EE25360063D070 = {
						CreatedOnToolsVersion = 11.2.1;
					};
					1EB08D3324EE25390063D070 = {
						CreatedOnToolsVersion = 11.2.1;
						TestTargetID = 1EB08D1D24EE25360063D070;
					};
					1EB08D3E24EE25390063D070 = {
						CreatedOnToolsVersion = 11.2.1;
						TestTargetID = 1EB08D1D24EE25360063D070;
					};
				};
			};
			buildConfigurationList = 1EB08D1924EE25360063D070 /* Build configuration list for PBXProject "AmapDemo" */;
			compatibilityVersion = "Xcode 9.3";
			developmentRegion = en;
			hasScannedForEncodings = 0;
			knownRegions = (
				en,
				Base,
			);
			mainGroup = 1EB08D1524EE25360063D070;
			productRefGroup = 1EB08D1F24EE25360063D070 /* Products */;
			projectDirPath = "";
			projectRoot = "";
			targets = (
				1EB08D1D24EE25360063D070 /* AmapDemo */,
				1EB08D3324EE25390063D070 /* AmapDemoTests */,
				1EB08D3E24EE25390063D070 /* AmapDemoUITests */,
			);
		};
/* End PBXProject section */

/* Begin PBXResourcesBuildPhase section */
		1EB08D1C24EE25360063D070 /* Resources */ = {
			isa = PBXResourcesBuildPhase;
			buildActionMask = 2147483647;
			files = (
				1EB08D2E24EE25380063D070 /* LaunchScreen.storyboard in Resources */,
				1EB08D2B24EE25380063D070 /* Assets.xcassets in Resources */,
				1EB08D5224EF6DBC0063D070 /* running_record.json in Resources */,
				1EB08D2924EE25360063D070 /* Main.storyboard in Resources */,
			);
			runOnlyForDeploymentPostprocessing = 0;
		};
		1EB08D3224EE25390063D070 /* Resources */ = {
			isa = PBXResourcesBuildPhase;
			buildActionMask = 2147483647;
			files = (
			);
			runOnlyForDeploymentPostprocessing = 0;
		};
		1EB08D3D24EE25390063D070 /* Resources */ = {
			isa = PBXResourcesBuildPhase;
			buildActionMask = 2147483647;
			files = (
			);
			runOnlyForDeploymentPostprocessing = 0;
		};
/* End PBXResourcesBuildPhase section */

/* Begin PBXShellScriptBuildPhase section */
		15130C1C50DB29607780C69B /* [CP] Embed Pods Frameworks */ = {
			isa = PBXShellScriptBuildPhase;
			buildActionMask = 2147483647;
			files = (
			);
			inputFileListPaths = (
				"${PODS_ROOT}/Target Support Files/Pods-AmapDemo/Pods-AmapDemo-frameworks-${CONFIGURATION}-input-files.xcfilelist",
			);
			name = "[CP] Embed Pods Frameworks";
			outputFileListPaths = (
				"${PODS_ROOT}/Target Support Files/Pods-AmapDemo/Pods-AmapDemo-frameworks-${CONFIGURATION}-output-files.xcfilelist",
			);
			runOnlyForDeploymentPostprocessing = 0;
			shellPath = /bin/sh;
			shellScript = "\"${PODS_ROOT}/Target Support Files/Pods-AmapDemo/Pods-AmapDemo-frameworks.sh\"\n";
			showEnvVarsInLog = 0;
		};
		725B9313D1694C97A2D0BB55 /* [CP] Copy Pods Resources */ = {
			isa = PBXShellScriptBuildPhase;
			buildActionMask = 2147483647;
			files = (
			);
			inputFileListPaths = (
				"${PODS_ROOT}/Target Support Files/Pods-AmapDemo/Pods-AmapDemo-resources-${CONFIGURATION}-input-files.xcfilelist",
			);
			name = "[CP] Copy Pods Resources";
			outputFileListPaths = (
				"${PODS_ROOT}/Target Support Files/Pods-AmapDemo/Pods-AmapDemo-resources-${CONFIGURATION}-output-files.xcfilelist",
			);
			runOnlyForDeploymentPostprocessing = 0;
			shellPath = /bin/sh;
			shellScript = "\"${PODS_ROOT}/Target Support Files/Pods-AmapDemo/Pods-AmapDemo-resources.sh\"\n";
			showEnvVarsInLog = 0;
		};
		8167277796924878D1F0CC11 /* [CP] Check Pods Manifest.lock */ = {
			isa = PBXShellScriptBuildPhase;
			buildActionMask = 2147483647;
			files = (
			);
			inputFileListPaths = (
			);
			inputPaths = (
				"${PODS_PODFILE_DIR_PATH}/Podfile.lock",
				"${PODS_ROOT}/Manifest.lock",
			);
			name = "[CP] Check Pods Manifest.lock";
			outputFileListPaths = (
			);
			outputPaths = (
				"$(DERIVED_FILE_DIR)/Pods-AmapDemo-checkManifestLockResult.txt",
			);
			runOnlyForDeploymentPostprocessing = 0;
			shellPath = /bin/sh;
			shellScript = "diff \"${PODS_PODFILE_DIR_PATH}/Podfile.lock\" \"${PODS_ROOT}/Manifest.lock\" > /dev/null\nif [ $? != 0 ] ; then\n    # print error to STDERR\n    echo \"error: The sandbox is not in sync with the Podfile.lock. Run 'pod install' or update your CocoaPods installation.\" >&2\n    exit 1\nfi\n# This output is used by Xcode 'outputs' to avoid re-running this script phase.\necho \"SUCCESS\" > \"${SCRIPT_OUTPUT_FILE_0}\"\n";
			showEnvVarsInLog = 0;
		};
/* End PBXShellScriptBuildPhase section */

/* Begin PBXSourcesBuildPhase section */
		1EB08D1A24EE25360063D070 /* Sources */ = {
			isa = PBXSourcesBuildPhase;
			buildActionMask = 2147483647;
			files = (
				1EB08D2624EE25360063D070 /* ViewController.swift in Sources */,
				1EB08D2224EE25360063D070 /* AppDelegate.swift in Sources */,
				1EB08D2424EE25360063D070 /* SceneDelegate.swift in Sources */,
				1EDAD45F24F7B41B00485628 /* CFSocketGetLocationModel.swift in Sources */,
			);
			runOnlyForDeploymentPostprocessing = 0;
		};
		1EB08D3024EE25390063D070 /* Sources */ = {
			isa = PBXSourcesBuildPhase;
			buildActionMask = 2147483647;
			files = (
				1EB08D3924EE25390063D070 /* AmapDemoTests.swift in Sources */,
			);
			runOnlyForDeploymentPostprocessing = 0;
		};
		1EB08D3B24EE25390063D070 /* Sources */ = {
			isa = PBXSourcesBuildPhase;
			buildActionMask = 2147483647;
			files = (
				1EB08D4424EE25390063D070 /* AmapDemoUITests.swift in Sources */,
			);
			runOnlyForDeploymentPostprocessing = 0;
		};
/* End PBXSourcesBuildPhase section */

/* Begin PBXTargetDependency section */
		1EB08D3624EE25390063D070 /* PBXTargetDependency */ = {
			isa = PBXTargetDependency;
			target = 1EB08D1D24EE25360063D070 /* AmapDemo */;
			targetProxy = 1EB08D3524EE25390063D070 /* PBXContainerItemProxy */;
		};
		1EB08D4124EE25390063D070 /* PBXTargetDependency */ = {
			isa = PBXTargetDependency;
			target = 1EB08D1D24EE25360063D070 /* AmapDemo */;
			targetProxy = 1EB08D4024EE25390063D070 /* PBXContainerItemProxy */;
		};
/* End PBXTargetDependency section */

/* Begin PBXVariantGroup section */
		1EB08D2724EE25360063D070 /* Main.storyboard */ = {
			isa = PBXVariantGroup;
			children = (
				1EB08D2824EE25360063D070 /* Base */,
			);
			name = Main.storyboard;
			sourceTree = "<group>";
		};
		1EB08D2C24EE25380063D070 /* LaunchScreen.storyboard */ = {
			isa = PBXVariantGroup;
			children = (
				1EB08D2D24EE25380063D070 /* Base */,
			);
			name = LaunchScreen.storyboard;
			sourceTree = "<group>";
		};
/* End PBXVariantGroup section */

/* Begin XCBuildConfiguration section */
		1EB08D4624EE25390063D070 /* Debug */ = {
			isa = XCBuildConfiguration;
			buildSettings = {
				ALWAYS_SEARCH_USER_PATHS = NO;
				CLANG_ANALYZER_NONNULL = YES;
				CLANG_ANALYZER_NUMBER_OBJECT_CONVERSION = YES_AGGRESSIVE;
				CLANG_CXX_LANGUAGE_STANDARD = "gnu++14";
				CLANG_CXX_LIBRARY = "libc++";
				CLANG_ENABLE_MODULES = YES;
				CLANG_ENABLE_OBJC_ARC = YES;
				CLANG_ENABLE_OBJC_WEAK = YES;
				CLANG_WARN_BLOCK_CAPTURE_AUTORELEASING = YES;
				CLANG_WARN_BOOL_CONVERSION = YES;
				CLANG_WARN_COMMA = YES;
				CLANG_WARN_CONSTANT_CONVERSION = YES;
				CLANG_WARN_DEPRECATED_OBJC_IMPLEMENTATIONS = YES;
				CLANG_WARN_DIRECT_OBJC_ISA_USAGE = YES_ERROR;
				CLANG_WARN_DOCUMENTATION_COMMENTS = YES;
				CLANG_WARN_EMPTY_BODY = YES;
				CLANG_WARN_ENUM_CONVERSION = YES;
				CLANG_WARN_INFINITE_RECURSION = YES;
				CLANG_WARN_INT_CONVERSION = YES;
				CLANG_WARN_NON_LITERAL_NULL_CONVERSION = YES;
				CLANG_WARN_OBJC_IMPLICIT_RETAIN_SELF = YES;
				CLANG_WARN_OBJC_LITERAL_CONVERSION = YES;
				CLANG_WARN_OBJC_ROOT_CLASS = YES_ERROR;
				CLANG_WARN_RANGE_LOOP_ANALYSIS = YES;
				CLANG_WARN_STRICT_PROTOTYPES = YES;
				CLANG_WARN_SUSPICIOUS_MOVE = YES;
				CLANG_WARN_UNGUARDED_AVAILABILITY = YES_AGGRESSIVE;
				CLANG_WARN_UNREACHABLE_CODE = YES;
				CLANG_WARN__DUPLICATE_METHOD_MATCH = YES;
				COPY_PHASE_STRIP = NO;
				DEBUG_INFORMATION_FORMAT = dwarf;
				ENABLE_STRICT_OBJC_MSGSEND = YES;
				ENABLE_TESTABILITY = YES;
				GCC_C_LANGUAGE_STANDARD = gnu11;
				GCC_DYNAMIC_NO_PIC = NO;
				GCC_NO_COMMON_BLOCKS = YES;
				GCC_OPTIMIZATION_LEVEL = 0;
				GCC_PREPROCESSOR_DEFINITIONS = (
					"DEBUG=1",
					"$(inherited)",
				);
				GCC_WARN_64_TO_32_BIT_CONVERSION = YES;
				GCC_WARN_ABOUT_RETURN_TYPE = YES_ERROR;
				GCC_WARN_UNDECLARED_SELECTOR = YES;
				GCC_WARN_UNINITIALIZED_AUTOS = YES_AGGRESSIVE;
				GCC_WARN_UNUSED_FUNCTION = YES;
				GCC_WARN_UNUSED_VARIABLE = YES;
				IPHONEOS_DEPLOYMENT_TARGET = 13.2;
				MTL_ENABLE_DEBUG_INFO = INCLUDE_SOURCE;
				MTL_FAST_MATH = YES;
				ONLY_ACTIVE_ARCH = YES;
				SDKROOT = iphoneos;
				SWIFT_ACTIVE_COMPILATION_CONDITIONS = DEBUG;
				SWIFT_OPTIMIZATION_LEVEL = "-Onone";
			};
			name = Debug;
		};
		1EB08D4724EE25390063D070 /* Release */ = {
			isa = XCBuildConfiguration;
			buildSettings = {
				ALWAYS_SEARCH_USER_PATHS = NO;
				CLANG_ANALYZER_NONNULL = YES;
				CLANG_ANALYZER_NUMBER_OBJECT_CONVERSION = YES_AGGRESSIVE;
				CLANG_CXX_LANGUAGE_STANDARD = "gnu++14";
				CLANG_CXX_LIBRARY = "libc++";
				CLANG_ENABLE_MODULES = YES;
				CLANG_ENABLE_OBJC_ARC = YES;
				CLANG_ENABLE_OBJC_WEAK = YES;
				CLANG_WARN_BLOCK_CAPTURE_AUTORELEASING = YES;
				CLANG_WARN_BOOL_CONVERSION = YES;
				CLANG_WARN_COMMA = YES;
				CLANG_WARN_CONSTANT_CONVERSION = YES;
				CLANG_WARN_DEPRECATED_OBJC_IMPLEMENTATIONS = YES;
				CLANG_WARN_DIRECT_OBJC_ISA_USAGE = YES_ERROR;
				CLANG_WARN_DOCUMENTATION_COMMENTS = YES;
				CLANG_WARN_EMPTY_BODY = YES;
				CLANG_WARN_ENUM_CONVERSION = YES;
				CLANG_WARN_INFINITE_RECURSION = YES;
				CLANG_WARN_INT_CONVERSION = YES;
				CLANG_WARN_NON_LITERAL_NULL_CONVERSION = YES;
				CLANG_WARN_OBJC_IMPLICIT_RETAIN_SELF = YES;
				CLANG_WARN_OBJC_LITERAL_CONVERSION = YES;
				CLANG_WARN_OBJC_ROOT_CLASS = YES_ERROR;
				CLANG_WARN_RANGE_LOOP_ANALYSIS = YES;
				CLANG_WARN_STRICT_PROTOTYPES = YES;
				CLANG_WARN_SUSPICIOUS_MOVE = YES;
				CLANG_WARN_UNGUARDED_AVAILABILITY = YES_AGGRESSIVE;
				CLANG_WARN_UNREACHABLE_CODE = YES;
				CLANG_WARN__DUPLICATE_METHOD_MATCH = YES;
				COPY_PHASE_STRIP = NO;
				DEBUG_INFORMATION_FORMAT = "dwarf-with-dsym";
				ENABLE_NS_ASSERTIONS = NO;
				ENABLE_STRICT_OBJC_MSGSEND = YES;
				GCC_C_LANGUAGE_STANDARD = gnu11;
				GCC_NO_COMMON_BLOCKS = YES;
				GCC_WARN_64_TO_32_BIT_CONVERSION = YES;
				GCC_WARN_ABOUT_RETURN_TYPE = YES_ERROR;
				GCC_WARN_UNDECLARED_SELECTOR = YES;
				GCC_WARN_UNINITIALIZED_AUTOS = YES_AGGRESSIVE;
				GCC_WARN_UNUSED_FUNCTION = YES;
				GCC_WARN_UNUSED_VARIABLE = YES;
				IPHONEOS_DEPLOYMENT_TARGET = 13.2;
				MTL_ENABLE_DEBUG_INFO = NO;
				MTL_FAST_MATH = YES;
				SDKROOT = iphoneos;
				SWIFT_COMPILATION_MODE = wholemodule;
				SWIFT_OPTIMIZATION_LEVEL = "-O";
				VALIDATE_PRODUCT = YES;
			};
			name = Release;
		};
		1EB08D4924EE25390063D070 /* Debug */ = {
			isa = XCBuildConfiguration;
			baseConfigurationReference = 52FA70B2B24B89105779A145 /* Pods-AmapDemo.debug.xcconfig */;
			buildSettings = {
				ASSETCATALOG_COMPILER_APPICON_NAME = AppIcon;
				CODE_SIGN_IDENTITY = "iPhone Developer";
				CODE_SIGN_STYLE = Manual;
				DEVELOPMENT_TEAM = F7W2A77UH3;
				INFOPLIST_FILE = AmapDemo/Info.plist;
				LD_RUNPATH_SEARCH_PATHS = (
					"$(inherited)",
					"@executable_path/Frameworks",
				);
				PRODUCT_BUNDLE_IDENTIFIER = com.hycf.cfw;
				PRODUCT_NAME = "$(TARGET_NAME)";
				PROVISIONING_PROFILE_SPECIFIER = cfw_20190515_dev;
				SWIFT_VERSION = 5.0;
				TARGETED_DEVICE_FAMILY = "1,2";
			};
			name = Debug;
		};
		1EB08D4A24EE25390063D070 /* Release */ = {
			isa = XCBuildConfiguration;
			baseConfigurationReference = 06F5F9696F90E7D51C4DAB6C /* Pods-AmapDemo.release.xcconfig */;
			buildSettings = {
				ASSETCATALOG_COMPILER_APPICON_NAME = AppIcon;
				CODE_SIGN_IDENTITY = "iPhone Developer";
				CODE_SIGN_STYLE = Manual;
				DEVELOPMENT_TEAM = F7W2A77UH3;
				INFOPLIST_FILE = AmapDemo/Info.plist;
				LD_RUNPATH_SEARCH_PATHS = (
					"$(inherited)",
					"@executable_path/Frameworks",
				);
				PRODUCT_BUNDLE_IDENTIFIER = com.hycf.cfw;
				PRODUCT_NAME = "$(TARGET_NAME)";
				PROVISIONING_PROFILE_SPECIFIER = cfw_20190515_dev;
				SWIFT_VERSION = 5.0;
				TARGETED_DEVICE_FAMILY = "1,2";
			};
			name = Release;
		};
		1EB08D4C24EE25390063D070 /* Debug */ = {
			isa = XCBuildConfiguration;
			buildSettings = {
				ALWAYS_EMBED_SWIFT_STANDARD_LIBRARIES = YES;
				BUNDLE_LOADER = "$(TEST_HOST)";
				CODE_SIGN_STYLE = Automatic;
				INFOPLIST_FILE = AmapDemoTests/Info.plist;
				IPHONEOS_DEPLOYMENT_TARGET = 13.2;
				LD_RUNPATH_SEARCH_PATHS = (
					"$(inherited)",
					"@executable_path/Frameworks",
					"@loader_path/Frameworks",
				);
				PRODUCT_BUNDLE_IDENTIFIER = CF.AmapDemoTests;
				PRODUCT_NAME = "$(TARGET_NAME)";
				SWIFT_VERSION = 5.0;
				TARGETED_DEVICE_FAMILY = "1,2";
				TEST_HOST = "$(BUILT_PRODUCTS_DIR)/AmapDemo.app/AmapDemo";
			};
			name = Debug;
		};
		1EB08D4D24EE25390063D070 /* Release */ = {
			isa = XCBuildConfiguration;
			buildSettings = {
				ALWAYS_EMBED_SWIFT_STANDARD_LIBRARIES = YES;
				BUNDLE_LOADER = "$(TEST_HOST)";
				CODE_SIGN_STYLE = Automatic;
				INFOPLIST_FILE = AmapDemoTests/Info.plist;
				IPHONEOS_DEPLOYMENT_TARGET = 13.2;
				LD_RUNPATH_SEARCH_PATHS = (
					"$(inherited)",
					"@executable_path/Frameworks",
					"@loader_path/Frameworks",
				);
				PRODUCT_BUNDLE_IDENTIFIER = CF.AmapDemoTests;
				PRODUCT_NAME = "$(TARGET_NAME)";
				SWIFT_VERSION = 5.0;
				TARGETED_DEVICE_FAMILY = "1,2";
				TEST_HOST = "$(BUILT_PRODUCTS_DIR)/AmapDemo.app/AmapDemo";
			};
			name = Release;
		};
		1EB08D4F24EE25390063D070 /* Debug */ = {
			isa = XCBuildConfiguration;
			buildSettings = {
				ALWAYS_EMBED_SWIFT_STANDARD_LIBRARIES = YES;
				CODE_SIGN_STYLE = Automatic;
				INFOPLIST_FILE = AmapDemoUITests/Info.plist;
				LD_RUNPATH_SEARCH_PATHS = (
					"$(inherited)",
					"@executable_path/Frameworks",
					"@loader_path/Frameworks",
				);
				PRODUCT_BUNDLE_IDENTIFIER = CF.AmapDemoUITests;
				PRODUCT_NAME = "$(TARGET_NAME)";
				SWIFT_VERSION = 5.0;
				TARGETED_DEVICE_FAMILY = "1,2";
				TEST_TARGET_NAME = AmapDemo;
			};
			name = Debug;
		};
		1EB08D5024EE25390063D070 /* Release */ = {
			isa = XCBuildConfiguration;
			buildSettings = {
				ALWAYS_EMBED_SWIFT_STANDARD_LIBRARIES = YES;
				CODE_SIGN_STYLE = Automatic;
				INFOPLIST_FILE = AmapDemoUITests/Info.plist;
				LD_RUNPATH_SEARCH_PATHS = (
					"$(inherited)",
					"@executable_path/Frameworks",
					"@loader_path/Frameworks",
				);
				PRODUCT_BUNDLE_IDENTIFIER = CF.AmapDemoUITests;
				PRODUCT_NAME = "$(TARGET_NAME)";
				SWIFT_VERSION = 5.0;
				TARGETED_DEVICE_FAMILY = "1,2";
				TEST_TARGET_NAME = AmapDemo;
			};
			name = Release;
		};
/* End XCBuildConfiguration section */

/* Begin XCConfigurationList section */
		1EB08D1924EE25360063D070 /* Build configuration list for PBXProject "AmapDemo" */ = {
			isa = XCConfigurationList;
			buildConfigurations = (
				1EB08D4624EE25390063D070 /* Debug */,
				1EB08D4724EE25390063D070 /* Release */,
			);
			defaultConfigurationIsVisible = 0;
			defaultConfigurationName = Release;
		};
		1EB08D4824EE25390063D070 /* Build configuration list for PBXNativeTarget "AmapDemo" */ = {
			isa = XCConfigurationList;
			buildConfigurations = (
				1EB08D4924EE25390063D070 /* Debug */,
				1EB08D4A24EE25390063D070 /* Release */,
			);
			defaultConfigurationIsVisible = 0;
			defaultConfigurationName = Release;
		};
		1EB08D4B24EE25390063D070 /* Build configuration list for PBXNativeTarget "AmapDemoTests" */ = {
			isa = XCConfigurationList;
			buildConfigurations = (
				1EB08D4C24EE25390063D070 /* Debug */,
				1EB08D4D24EE25390063D070 /* Release */,
			);
			defaultConfigurationIsVisible = 0;
			defaultConfigurationName = Release;
		};
		1EB08D4E24EE25390063D070 /* Build configuration list for PBXNativeTarget "AmapDemoUITests" */ = {
			isa = XCConfigurationList;
			buildConfigurations = (
				1EB08D4F24EE25390063D070 /* Debug */,
				1EB08D5024EE25390063D070 /* Release */,
			);
			defaultConfigurationIsVisible = 0;
			defaultConfigurationName = Release;
		};
/* End XCConfigurationList section */
	};
	rootObject = 1EB08D1624EE25360063D070 /* Project object */;
}
